// !$*UTF8*$!
{
	archiveVersion = 1;
	classes = {
	};
	objectVersion = 56;
	objects = {

/* Begin PBXBuildFile section */
		671FB9022B0C091400D3CFAB /* FirebaseAnalytics in Frameworks */ = {isa = PBXBuildFile; productRef = 671FB9012B0C091400D3CFAB /* FirebaseAnalytics */; };
		671FB9042B0C091400D3CFAB /* FirebaseAnalyticsOnDeviceConversion in Frameworks */ = {isa = PBXBuildFile; productRef = 671FB9032B0C091400D3CFAB /* FirebaseAnalyticsOnDeviceConversion */; };
		671FB9062B0C091400D3CFAB /* FirebaseAnalyticsSwift in Frameworks */ = {isa = PBXBuildFile; productRef = 671FB9052B0C091400D3CFAB /* FirebaseAnalyticsSwift */; };
		671FB9082B0C091400D3CFAB /* FirebaseAnalyticsWithoutAdIdSupport in Frameworks */ = {isa = PBXBuildFile; productRef = 671FB9072B0C091400D3CFAB /* FirebaseAnalyticsWithoutAdIdSupport */; };
		671FB90A2B0C091400D3CFAB /* FirebaseAppCheck in Frameworks */ = {isa = PBXBuildFile; productRef = 671FB9092B0C091400D3CFAB /* FirebaseAppCheck */; };
		671FB90C2B0C091400D3CFAB /* FirebaseAppDistribution-Beta in Frameworks */ = {isa = PBXBuildFile; productRef = 671FB90B2B0C091400D3CFAB /* FirebaseAppDistribution-Beta */; };
		671FB90E2B0C091400D3CFAB /* FirebaseAuth in Frameworks */ = {isa = PBXBuildFile; productRef = 671FB90D2B0C091400D3CFAB /* FirebaseAuth */; };
		671FB9102B0C091400D3CFAB /* FirebaseAuthCombine-Community in Frameworks */ = {isa = PBXBuildFile; productRef = 671FB90F2B0C091400D3CFAB /* FirebaseAuthCombine-Community */; };
		671FB9122B0C091400D3CFAB /* FirebaseCrashlytics in Frameworks */ = {isa = PBXBuildFile; productRef = 671FB9112B0C091400D3CFAB /* FirebaseCrashlytics */; };
		671FB9142B0C091400D3CFAB /* FirebaseDatabase in Frameworks */ = {isa = PBXBuildFile; productRef = 671FB9132B0C091400D3CFAB /* FirebaseDatabase */; };
		671FB9162B0C091400D3CFAB /* FirebaseDatabaseSwift in Frameworks */ = {isa = PBXBuildFile; productRef = 671FB9152B0C091400D3CFAB /* FirebaseDatabaseSwift */; };
		671FB9182B0C091400D3CFAB /* FirebaseDynamicLinks in Frameworks */ = {isa = PBXBuildFile; productRef = 671FB9172B0C091400D3CFAB /* FirebaseDynamicLinks */; };
		671FB91A2B0C091400D3CFAB /* FirebaseFirestore in Frameworks */ = {isa = PBXBuildFile; productRef = 671FB9192B0C091400D3CFAB /* FirebaseFirestore */; };
		671FB91C2B0C091400D3CFAB /* FirebaseFirestoreCombine-Community in Frameworks */ = {isa = PBXBuildFile; productRef = 671FB91B2B0C091400D3CFAB /* FirebaseFirestoreCombine-Community */; };
		671FB91E2B0C091400D3CFAB /* FirebaseFirestoreSwift in Frameworks */ = {isa = PBXBuildFile; productRef = 671FB91D2B0C091400D3CFAB /* FirebaseFirestoreSwift */; };
		671FB9202B0C091400D3CFAB /* FirebaseFunctions in Frameworks */ = {isa = PBXBuildFile; productRef = 671FB91F2B0C091400D3CFAB /* FirebaseFunctions */; };
		671FB9222B0C091400D3CFAB /* FirebaseFunctionsCombine-Community in Frameworks */ = {isa = PBXBuildFile; productRef = 671FB9212B0C091400D3CFAB /* FirebaseFunctionsCombine-Community */; };
		671FB9242B0C091400D3CFAB /* FirebaseInAppMessaging-Beta in Frameworks */ = {isa = PBXBuildFile; productRef = 671FB9232B0C091400D3CFAB /* FirebaseInAppMessaging-Beta */; };
		671FB9262B0C091400D3CFAB /* FirebaseInAppMessagingSwift-Beta in Frameworks */ = {isa = PBXBuildFile; productRef = 671FB9252B0C091400D3CFAB /* FirebaseInAppMessagingSwift-Beta */; };
		671FB9282B0C091400D3CFAB /* FirebaseInstallations in Frameworks */ = {isa = PBXBuildFile; productRef = 671FB9272B0C091400D3CFAB /* FirebaseInstallations */; };
		671FB92A2B0C091400D3CFAB /* FirebaseMLModelDownloader in Frameworks */ = {isa = PBXBuildFile; productRef = 671FB9292B0C091400D3CFAB /* FirebaseMLModelDownloader */; };
		671FB92C2B0C091400D3CFAB /* FirebaseMessaging in Frameworks */ = {isa = PBXBuildFile; productRef = 671FB92B2B0C091400D3CFAB /* FirebaseMessaging */; };
		671FB92E2B0C091400D3CFAB /* FirebasePerformance in Frameworks */ = {isa = PBXBuildFile; productRef = 671FB92D2B0C091400D3CFAB /* FirebasePerformance */; };
		671FB9302B0C091400D3CFAB /* FirebaseRemoteConfig in Frameworks */ = {isa = PBXBuildFile; productRef = 671FB92F2B0C091400D3CFAB /* FirebaseRemoteConfig */; };
		671FB9322B0C091400D3CFAB /* FirebaseRemoteConfigSwift in Frameworks */ = {isa = PBXBuildFile; productRef = 671FB9312B0C091400D3CFAB /* FirebaseRemoteConfigSwift */; };
		671FB9342B0C091400D3CFAB /* FirebaseStorage in Frameworks */ = {isa = PBXBuildFile; productRef = 671FB9332B0C091400D3CFAB /* FirebaseStorage */; };
		671FB9362B0C091400D3CFAB /* FirebaseStorageCombine-Community in Frameworks */ = {isa = PBXBuildFile; productRef = 671FB9352B0C091400D3CFAB /* FirebaseStorageCombine-Community */; };
		674603A22B03D8F700756102 /* AppDelegate.swift in Sources */ = {isa = PBXBuildFile; fileRef = 674603A12B03D8F700756102 /* AppDelegate.swift */; };
		674603A42B03D8F700756102 /* SceneDelegate.swift in Sources */ = {isa = PBXBuildFile; fileRef = 674603A32B03D8F700756102 /* SceneDelegate.swift */; };
		674603A92B03D8F700756102 /* Main.storyboard in Resources */ = {isa = PBXBuildFile; fileRef = 674603A72B03D8F700756102 /* Main.storyboard */; };
		674603AB2B03D8FA00756102 /* Assets.xcassets in Resources */ = {isa = PBXBuildFile; fileRef = 674603AA2B03D8FA00756102 /* Assets.xcassets */; };
		674603AE2B03D8FA00756102 /* LaunchScreen.storyboard in Resources */ = {isa = PBXBuildFile; fileRef = 674603AC2B03D8FA00756102 /* LaunchScreen.storyboard */; };
		674603B92B03DB0400756102 /* Form.swift in Sources */ = {isa = PBXBuildFile; fileRef = 674603B82B03DB0400756102 /* Form.swift */; };
		674603BC2B03DE0E00756102 /* FormController.swift in Sources */ = {isa = PBXBuildFile; fileRef = 674603BB2B03DE0E00756102 /* FormController.swift */; };
		674603C12B03E51000756102 /* FormViewController.swift in Sources */ = {isa = PBXBuildFile; fileRef = 674603C02B03E51000756102 /* FormViewController.swift */; };
		67DAFE932B073028003D6B5B /* FormError.swift in Sources */ = {isa = PBXBuildFile; fileRef = 67DAFE922B073028003D6B5B /* FormError.swift */; };
		67DAFEA12B08109A003D6B5B /* FormRecord.swift in Sources */ = {isa = PBXBuildFile; fileRef = 67DAFEA02B08109A003D6B5B /* FormRecord.swift */; };
		67E4A6692B054BCF00024F06 /* Address.swift in Sources */ = {isa = PBXBuildFile; fileRef = 67E4A6682B054BCF00024F06 /* Address.swift */; };
		67EBEE2B2B0BC629009FD021 /* FormTableViewCell.swift in Sources */ = {isa = PBXBuildFile; fileRef = 67EBEE2A2B0BC629009FD021 /* FormTableViewCell.swift */; };
		67EBEE302B0BC768009FD021 /* FormListViewController.swift in Sources */ = {isa = PBXBuildFile; fileRef = 67EBEE2F2B0BC768009FD021 /* FormListViewController.swift */; };
		67EBEE322B0C0353009FD021 /* GoogleService-Info.plist in Resources */ = {isa = PBXBuildFile; fileRef = 67EBEE312B0C0353009FD021 /* GoogleService-Info.plist */; };
		67EBEE352B0C0463009FD021 /* FirebaseAnalytics in Frameworks */ = {isa = PBXBuildFile; productRef = 67EBEE342B0C0463009FD021 /* FirebaseAnalytics */; };
		67EBEE372B0C0463009FD021 /* FirebaseAnalyticsOnDeviceConversion in Frameworks */ = {isa = PBXBuildFile; productRef = 67EBEE362B0C0463009FD021 /* FirebaseAnalyticsOnDeviceConversion */; };
		67EBEE392B0C0463009FD021 /* FirebaseAnalyticsSwift in Frameworks */ = {isa = PBXBuildFile; productRef = 67EBEE382B0C0463009FD021 /* FirebaseAnalyticsSwift */; };
		67EBEE3B2B0C0463009FD021 /* FirebaseAnalyticsWithoutAdIdSupport in Frameworks */ = {isa = PBXBuildFile; productRef = 67EBEE3A2B0C0463009FD021 /* FirebaseAnalyticsWithoutAdIdSupport */; };
		67EBEE3D2B0C0463009FD021 /* FirebaseAppCheck in Frameworks */ = {isa = PBXBuildFile; productRef = 67EBEE3C2B0C0463009FD021 /* FirebaseAppCheck */; };
		67EBEE3F2B0C051C009FD021 /* FirebaseController.swift in Sources */ = {isa = PBXBuildFile; fileRef = 67EBEE3E2B0C051C009FD021 /* FirebaseController.swift */; };
/* End PBXBuildFile section */

/* Begin PBXFileReference section */
		6746039E2B03D8F700756102 /* SynergyAppointmentForm.app */ = {isa = PBXFileReference; explicitFileType = wrapper.application; includeInIndex = 0; path = SynergyAppointmentForm.app; sourceTree = BUILT_PRODUCTS_DIR; };
		674603A12B03D8F700756102 /* AppDelegate.swift */ = {isa = PBXFileReference; lastKnownFileType = sourcecode.swift; path = AppDelegate.swift; sourceTree = "<group>"; };
		674603A32B03D8F700756102 /* SceneDelegate.swift */ = {isa = PBXFileReference; lastKnownFileType = sourcecode.swift; path = SceneDelegate.swift; sourceTree = "<group>"; };
		674603A82B03D8F700756102 /* Base */ = {isa = PBXFileReference; lastKnownFileType = file.storyboard; name = Base; path = Base.lproj/Main.storyboard; sourceTree = "<group>"; };
		674603AA2B03D8FA00756102 /* Assets.xcassets */ = {isa = PBXFileReference; lastKnownFileType = folder.assetcatalog; path = Assets.xcassets; sourceTree = "<group>"; };
		674603AD2B03D8FA00756102 /* Base */ = {isa = PBXFileReference; lastKnownFileType = file.storyboard; name = Base; path = Base.lproj/LaunchScreen.storyboard; sourceTree = "<group>"; };
		674603AF2B03D8FA00756102 /* Info.plist */ = {isa = PBXFileReference; lastKnownFileType = text.plist.xml; path = Info.plist; sourceTree = "<group>"; };
		674603B82B03DB0400756102 /* Form.swift */ = {isa = PBXFileReference; lastKnownFileType = sourcecode.swift; path = Form.swift; sourceTree = "<group>"; };
		674603BB2B03DE0E00756102 /* FormController.swift */ = {isa = PBXFileReference; lastKnownFileType = sourcecode.swift; path = FormController.swift; sourceTree = "<group>"; };
		674603C02B03E51000756102 /* FormViewController.swift */ = {isa = PBXFileReference; lastKnownFileType = sourcecode.swift; path = FormViewController.swift; sourceTree = "<group>"; };
		67DAFE922B073028003D6B5B /* FormError.swift */ = {isa = PBXFileReference; lastKnownFileType = sourcecode.swift; path = FormError.swift; sourceTree = "<group>"; };
		67DAFE952B073FBB003D6B5B /* SynergyAppointmentForm.entitlements */ = {isa = PBXFileReference; lastKnownFileType = text.plist.entitlements; path = SynergyAppointmentForm.entitlements; sourceTree = "<group>"; };
		67DAFEA02B08109A003D6B5B /* FormRecord.swift */ = {isa = PBXFileReference; lastKnownFileType = sourcecode.swift; path = FormRecord.swift; sourceTree = "<group>"; };
		67E4A6682B054BCF00024F06 /* Address.swift */ = {isa = PBXFileReference; lastKnownFileType = sourcecode.swift; path = Address.swift; sourceTree = "<group>"; };
		67EBEE2A2B0BC629009FD021 /* FormTableViewCell.swift */ = {isa = PBXFileReference; lastKnownFileType = sourcecode.swift; path = FormTableViewCell.swift; sourceTree = "<group>"; };
		67EBEE2F2B0BC768009FD021 /* FormListViewController.swift */ = {isa = PBXFileReference; lastKnownFileType = sourcecode.swift; path = FormListViewController.swift; sourceTree = "<group>"; };
		67EBEE312B0C0353009FD021 /* GoogleService-Info.plist */ = {isa = PBXFileReference; fileEncoding = 4; lastKnownFileType = text.plist.xml; name = "GoogleService-Info.plist"; path = "../../../../../../Downloads/GoogleService-Info.plist"; sourceTree = "<group>"; };
		67EBEE3E2B0C051C009FD021 /* FirebaseController.swift */ = {isa = PBXFileReference; lastKnownFileType = sourcecode.swift; path = FirebaseController.swift; sourceTree = "<group>"; };
/* End PBXFileReference section */

/* Begin PBXFrameworksBuildPhase section */
		6746039B2B03D8F700756102 /* Frameworks */ = {
			isa = PBXFrameworksBuildPhase;
			buildActionMask = 2147483647;
			files = (
				671FB92C2B0C091400D3CFAB /* FirebaseMessaging in Frameworks */,
				671FB91C2B0C091400D3CFAB /* FirebaseFirestoreCombine-Community in Frameworks */,
				671FB9142B0C091400D3CFAB /* FirebaseDatabase in Frameworks */,
				67EBEE392B0C0463009FD021 /* FirebaseAnalyticsSwift in Frameworks */,
				671FB9342B0C091400D3CFAB /* FirebaseStorage in Frameworks */,
				67EBEE352B0C0463009FD021 /* FirebaseAnalytics in Frameworks */,
				671FB9022B0C091400D3CFAB /* FirebaseAnalytics in Frameworks */,
				671FB9122B0C091400D3CFAB /* FirebaseCrashlytics in Frameworks */,
				671FB91A2B0C091400D3CFAB /* FirebaseFirestore in Frameworks */,
				671FB9182B0C091400D3CFAB /* FirebaseDynamicLinks in Frameworks */,
				671FB9362B0C091400D3CFAB /* FirebaseStorageCombine-Community in Frameworks */,
				671FB9042B0C091400D3CFAB /* FirebaseAnalyticsOnDeviceConversion in Frameworks */,
				671FB9222B0C091400D3CFAB /* FirebaseFunctionsCombine-Community in Frameworks */,
				671FB9262B0C091400D3CFAB /* FirebaseInAppMessagingSwift-Beta in Frameworks */,
				671FB92A2B0C091400D3CFAB /* FirebaseMLModelDownloader in Frameworks */,
				671FB9242B0C091400D3CFAB /* FirebaseInAppMessaging-Beta in Frameworks */,
				671FB92E2B0C091400D3CFAB /* FirebasePerformance in Frameworks */,
				671FB9102B0C091400D3CFAB /* FirebaseAuthCombine-Community in Frameworks */,
				671FB9062B0C091400D3CFAB /* FirebaseAnalyticsSwift in Frameworks */,
				671FB9162B0C091400D3CFAB /* FirebaseDatabaseSwift in Frameworks */,
				67EBEE372B0C0463009FD021 /* FirebaseAnalyticsOnDeviceConversion in Frameworks */,
				671FB9302B0C091400D3CFAB /* FirebaseRemoteConfig in Frameworks */,
				67EBEE3D2B0C0463009FD021 /* FirebaseAppCheck in Frameworks */,
				671FB90E2B0C091400D3CFAB /* FirebaseAuth in Frameworks */,
				671FB9202B0C091400D3CFAB /* FirebaseFunctions in Frameworks */,
				671FB9282B0C091400D3CFAB /* FirebaseInstallations in Frameworks */,
				671FB91E2B0C091400D3CFAB /* FirebaseFirestoreSwift in Frameworks */,
				671FB9082B0C091400D3CFAB /* FirebaseAnalyticsWithoutAdIdSupport in Frameworks */,
				671FB90A2B0C091400D3CFAB /* FirebaseAppCheck in Frameworks */,
				671FB9322B0C091400D3CFAB /* FirebaseRemoteConfigSwift in Frameworks */,
				671FB90C2B0C091400D3CFAB /* FirebaseAppDistribution-Beta in Frameworks */,
				67EBEE3B2B0C0463009FD021 /* FirebaseAnalyticsWithoutAdIdSupport in Frameworks */,
			);
			runOnlyForDeploymentPostprocessing = 0;
		};
/* End PBXFrameworksBuildPhase section */

/* Begin PBXGroup section */
		674603952B03D8F700756102 = {
			isa = PBXGroup;
			children = (
				674603A02B03D8F700756102 /* SynergyAppointmentForm */,
				6746039F2B03D8F700756102 /* Products */,
			);
			sourceTree = "<group>";
		};
		6746039F2B03D8F700756102 /* Products */ = {
			isa = PBXGroup;
			children = (
				6746039E2B03D8F700756102 /* SynergyAppointmentForm.app */,
			);
			name = Products;
			sourceTree = "<group>";
		};
		674603A02B03D8F700756102 /* SynergyAppointmentForm */ = {
			isa = PBXGroup;
			children = (
				67DAFE952B073FBB003D6B5B /* SynergyAppointmentForm.entitlements */,
				674603BA2B03DB0B00756102 /* Models */,
				674603BD2B03DE1300756102 /* Controllers */,
				674603B62B03DADE00756102 /* View Controllers */,
				67EBEE2C2B0BC632009FD021 /* Table View Cells */,
				674603B72B03DAED00756102 /* Storyboards */,
				674603B52B03D99600756102 /* Resources */,
				67DAFE942B073069003D6B5B /* Helper */,
			);
			path = SynergyAppointmentForm;
			sourceTree = "<group>";
		};
		674603B52B03D99600756102 /* Resources */ = {
			isa = PBXGroup;
			children = (
				674603A12B03D8F700756102 /* AppDelegate.swift */,
				674603A32B03D8F700756102 /* SceneDelegate.swift */,
				674603AF2B03D8FA00756102 /* Info.plist */,
				67EBEE312B0C0353009FD021 /* GoogleService-Info.plist */,
				674603AA2B03D8FA00756102 /* Assets.xcassets */,
			);
			path = Resources;
			sourceTree = "<group>";
		};
		674603B62B03DADE00756102 /* View Controllers */ = {
			isa = PBXGroup;
			children = (
				674603C02B03E51000756102 /* FormViewController.swift */,
				67EBEE2F2B0BC768009FD021 /* FormListViewController.swift */,
			);
			path = "View Controllers";
			sourceTree = "<group>";
		};
		674603B72B03DAED00756102 /* Storyboards */ = {
			isa = PBXGroup;
			children = (
				674603A72B03D8F700756102 /* Main.storyboard */,
				674603AC2B03D8FA00756102 /* LaunchScreen.storyboard */,
			);
			path = Storyboards;
			sourceTree = "<group>";
		};
		674603BA2B03DB0B00756102 /* Models */ = {
			isa = PBXGroup;
			children = (
				674603B82B03DB0400756102 /* Form.swift */,
				67E4A6682B054BCF00024F06 /* Address.swift */,
				67DAFEA02B08109A003D6B5B /* FormRecord.swift */,
			);
			path = Models;
			sourceTree = "<group>";
		};
		674603BD2B03DE1300756102 /* Controllers */ = {
			isa = PBXGroup;
			children = (
				674603BB2B03DE0E00756102 /* FormController.swift */,
				67EBEE3E2B0C051C009FD021 /* FirebaseController.swift */,
			);
			path = Controllers;
			sourceTree = "<group>";
		};
		67DAFE942B073069003D6B5B /* Helper */ = {
			isa = PBXGroup;
			children = (
				67DAFE922B073028003D6B5B /* FormError.swift */,
			);
			path = Helper;
			sourceTree = "<group>";
		};
		67EBEE2C2B0BC632009FD021 /* Table View Cells */ = {
			isa = PBXGroup;
			children = (
				67EBEE2A2B0BC629009FD021 /* FormTableViewCell.swift */,
			);
			path = "Table View Cells";
			sourceTree = "<group>";
		};
/* End PBXGroup section */

/* Begin PBXNativeTarget section */
		6746039D2B03D8F700756102 /* SynergyAppointmentForm */ = {
			isa = PBXNativeTarget;
			buildConfigurationList = 674603B22B03D8FA00756102 /* Build configuration list for PBXNativeTarget "SynergyAppointmentForm" */;
			buildPhases = (
				6746039A2B03D8F700756102 /* Sources */,
				6746039B2B03D8F700756102 /* Frameworks */,
				6746039C2B03D8F700756102 /* Resources */,
			);
			buildRules = (
			);
			dependencies = (
			);
			name = SynergyAppointmentForm;
			packageProductDependencies = (
				67EBEE342B0C0463009FD021 /* FirebaseAnalytics */,
				67EBEE362B0C0463009FD021 /* FirebaseAnalyticsOnDeviceConversion */,
				67EBEE382B0C0463009FD021 /* FirebaseAnalyticsSwift */,
				67EBEE3A2B0C0463009FD021 /* FirebaseAnalyticsWithoutAdIdSupport */,
				67EBEE3C2B0C0463009FD021 /* FirebaseAppCheck */,
				671FB9012B0C091400D3CFAB /* FirebaseAnalytics */,
				671FB9032B0C091400D3CFAB /* FirebaseAnalyticsOnDeviceConversion */,
				671FB9052B0C091400D3CFAB /* FirebaseAnalyticsSwift */,
				671FB9072B0C091400D3CFAB /* FirebaseAnalyticsWithoutAdIdSupport */,
				671FB9092B0C091400D3CFAB /* FirebaseAppCheck */,
				671FB90B2B0C091400D3CFAB /* FirebaseAppDistribution-Beta */,
				671FB90D2B0C091400D3CFAB /* FirebaseAuth */,
				671FB90F2B0C091400D3CFAB /* FirebaseAuthCombine-Community */,
				671FB9112B0C091400D3CFAB /* FirebaseCrashlytics */,
				671FB9132B0C091400D3CFAB /* FirebaseDatabase */,
				671FB9152B0C091400D3CFAB /* FirebaseDatabaseSwift */,
				671FB9172B0C091400D3CFAB /* FirebaseDynamicLinks */,
				671FB9192B0C091400D3CFAB /* FirebaseFirestore */,
				671FB91B2B0C091400D3CFAB /* FirebaseFirestoreCombine-Community */,
				671FB91D2B0C091400D3CFAB /* FirebaseFirestoreSwift */,
				671FB91F2B0C091400D3CFAB /* FirebaseFunctions */,
				671FB9212B0C091400D3CFAB /* FirebaseFunctionsCombine-Community */,
				671FB9232B0C091400D3CFAB /* FirebaseInAppMessaging-Beta */,
				671FB9252B0C091400D3CFAB /* FirebaseInAppMessagingSwift-Beta */,
				671FB9272B0C091400D3CFAB /* FirebaseInstallations */,
				671FB9292B0C091400D3CFAB /* FirebaseMLModelDownloader */,
				671FB92B2B0C091400D3CFAB /* FirebaseMessaging */,
				671FB92D2B0C091400D3CFAB /* FirebasePerformance */,
				671FB92F2B0C091400D3CFAB /* FirebaseRemoteConfig */,
				671FB9312B0C091400D3CFAB /* FirebaseRemoteConfigSwift */,
				671FB9332B0C091400D3CFAB /* FirebaseStorage */,
				671FB9352B0C091400D3CFAB /* FirebaseStorageCombine-Community */,
			);
			productName = SynergyAppointmentForm;
			productReference = 6746039E2B03D8F700756102 /* SynergyAppointmentForm.app */;
			productType = "com.apple.product-type.application";
		};
/* End PBXNativeTarget section */

/* Begin PBXProject section */
		674603962B03D8F700756102 /* Project object */ = {
			isa = PBXProject;
			attributes = {
				BuildIndependentTargetsInParallel = 1;
				LastSwiftUpdateCheck = 1500;
				LastUpgradeCheck = 1500;
				TargetAttributes = {
					6746039D2B03D8F700756102 = {
						CreatedOnToolsVersion = 15.0.1;
					};
				};
			};
			buildConfigurationList = 674603992B03D8F700756102 /* Build configuration list for PBXProject "SynergyAppointmentForm" */;
			compatibilityVersion = "Xcode 14.0";
			developmentRegion = en;
			hasScannedForEncodings = 0;
			knownRegions = (
				en,
				Base,
			);
			mainGroup = 674603952B03D8F700756102;
			packageReferences = (
				67EBEE332B0C0463009FD021 /* XCRemoteSwiftPackageReference "firebase-ios-sdk" */,
			);
			productRefGroup = 6746039F2B03D8F700756102 /* Products */;
			projectDirPath = "";
			projectRoot = "";
			targets = (
				6746039D2B03D8F700756102 /* SynergyAppointmentForm */,
			);
		};
/* End PBXProject section */

/* Begin PBXResourcesBuildPhase section */
		6746039C2B03D8F700756102 /* Resources */ = {
			isa = PBXResourcesBuildPhase;
			buildActionMask = 2147483647;
			files = (
				674603AE2B03D8FA00756102 /* LaunchScreen.storyboard in Resources */,
				67EBEE322B0C0353009FD021 /* GoogleService-Info.plist in Resources */,
				674603AB2B03D8FA00756102 /* Assets.xcassets in Resources */,
				674603A92B03D8F700756102 /* Main.storyboard in Resources */,
			);
			runOnlyForDeploymentPostprocessing = 0;
		};
/* End PBXResourcesBuildPhase section */

/* Begin PBXSourcesBuildPhase section */
		6746039A2B03D8F700756102 /* Sources */ = {
			isa = PBXSourcesBuildPhase;
			buildActionMask = 2147483647;
			files = (
				67EBEE302B0BC768009FD021 /* FormListViewController.swift in Sources */,
				67E4A6692B054BCF00024F06 /* Address.swift in Sources */,
				67EBEE2B2B0BC629009FD021 /* FormTableViewCell.swift in Sources */,
				674603A22B03D8F700756102 /* AppDelegate.swift in Sources */,
				674603A42B03D8F700756102 /* SceneDelegate.swift in Sources */,
				674603B92B03DB0400756102 /* Form.swift in Sources */,
				67DAFE932B073028003D6B5B /* FormError.swift in Sources */,
				674603C12B03E51000756102 /* FormViewController.swift in Sources */,
				67DAFEA12B08109A003D6B5B /* FormRecord.swift in Sources */,
				67EBEE3F2B0C051C009FD021 /* FirebaseController.swift in Sources */,
				674603BC2B03DE0E00756102 /* FormController.swift in Sources */,
			);
			runOnlyForDeploymentPostprocessing = 0;
		};
/* End PBXSourcesBuildPhase section */

/* Begin PBXVariantGroup section */
		674603A72B03D8F700756102 /* Main.storyboard */ = {
			isa = PBXVariantGroup;
			children = (
				674603A82B03D8F700756102 /* Base */,
			);
			name = Main.storyboard;
			sourceTree = "<group>";
		};
		674603AC2B03D8FA00756102 /* LaunchScreen.storyboard */ = {
			isa = PBXVariantGroup;
			children = (
				674603AD2B03D8FA00756102 /* Base */,
			);
			name = LaunchScreen.storyboard;
			sourceTree = "<group>";
		};
/* End PBXVariantGroup section */

/* Begin XCBuildConfiguration section */
		674603B02B03D8FA00756102 /* Debug */ = {
			isa = XCBuildConfiguration;
			buildSettings = {
				ALWAYS_SEARCH_USER_PATHS = NO;
				ASSETCATALOG_COMPILER_GENERATE_SWIFT_ASSET_SYMBOL_EXTENSIONS = YES;
				CLANG_ANALYZER_NONNULL = YES;
				CLANG_ANALYZER_NUMBER_OBJECT_CONVERSION = YES_AGGRESSIVE;
				CLANG_CXX_LANGUAGE_STANDARD = "gnu++20";
				CLANG_ENABLE_MODULES = YES;
				CLANG_ENABLE_OBJC_ARC = YES;
				CLANG_ENABLE_OBJC_WEAK = YES;
				CLANG_WARN_BLOCK_CAPTURE_AUTORELEASING = YES;
				CLANG_WARN_BOOL_CONVERSION = YES;
				CLANG_WARN_COMMA = YES;
				CLANG_WARN_CONSTANT_CONVERSION = YES;
				CLANG_WARN_DEPRECATED_OBJC_IMPLEMENTATIONS = YES;
				CLANG_WARN_DIRECT_OBJC_ISA_USAGE = YES_ERROR;
				CLANG_WARN_DOCUMENTATION_COMMENTS = YES;
				CLANG_WARN_EMPTY_BODY = YES;
				CLANG_WARN_ENUM_CONVERSION = YES;
				CLANG_WARN_INFINITE_RECURSION = YES;
				CLANG_WARN_INT_CONVERSION = YES;
				CLANG_WARN_NON_LITERAL_NULL_CONVERSION = YES;
				CLANG_WARN_OBJC_IMPLICIT_RETAIN_SELF = YES;
				CLANG_WARN_OBJC_LITERAL_CONVERSION = YES;
				CLANG_WARN_OBJC_ROOT_CLASS = YES_ERROR;
				CLANG_WARN_QUOTED_INCLUDE_IN_FRAMEWORK_HEADER = YES;
				CLANG_WARN_RANGE_LOOP_ANALYSIS = YES;
				CLANG_WARN_STRICT_PROTOTYPES = YES;
				CLANG_WARN_SUSPICIOUS_MOVE = YES;
				CLANG_WARN_UNGUARDED_AVAILABILITY = YES_AGGRESSIVE;
				CLANG_WARN_UNREACHABLE_CODE = YES;
				CLANG_WARN__DUPLICATE_METHOD_MATCH = YES;
				COPY_PHASE_STRIP = NO;
				DEBUG_INFORMATION_FORMAT = dwarf;
				ENABLE_STRICT_OBJC_MSGSEND = YES;
				ENABLE_TESTABILITY = YES;
				ENABLE_USER_SCRIPT_SANDBOXING = YES;
				GCC_C_LANGUAGE_STANDARD = gnu17;
				GCC_DYNAMIC_NO_PIC = NO;
				GCC_NO_COMMON_BLOCKS = YES;
				GCC_OPTIMIZATION_LEVEL = 0;
				GCC_PREPROCESSOR_DEFINITIONS = (
					"DEBUG=1",
					"$(inherited)",
				);
				GCC_WARN_64_TO_32_BIT_CONVERSION = YES;
				GCC_WARN_ABOUT_RETURN_TYPE = YES_ERROR;
				GCC_WARN_UNDECLARED_SELECTOR = YES;
				GCC_WARN_UNINITIALIZED_AUTOS = YES_AGGRESSIVE;
				GCC_WARN_UNUSED_FUNCTION = YES;
				GCC_WARN_UNUSED_VARIABLE = YES;
				IPHONEOS_DEPLOYMENT_TARGET = 17.0;
				LOCALIZATION_PREFERS_STRING_CATALOGS = YES;
				MTL_ENABLE_DEBUG_INFO = INCLUDE_SOURCE;
				MTL_FAST_MATH = YES;
				ONLY_ACTIVE_ARCH = YES;
				SDKROOT = iphoneos;
				SWIFT_ACTIVE_COMPILATION_CONDITIONS = "DEBUG $(inherited)";
				SWIFT_OPTIMIZATION_LEVEL = "-Onone";
			};
			name = Debug;
		};
		674603B12B03D8FA00756102 /* Release */ = {
			isa = XCBuildConfiguration;
			buildSettings = {
				ALWAYS_SEARCH_USER_PATHS = NO;
				ASSETCATALOG_COMPILER_GENERATE_SWIFT_ASSET_SYMBOL_EXTENSIONS = YES;
				CLANG_ANALYZER_NONNULL = YES;
				CLANG_ANALYZER_NUMBER_OBJECT_CONVERSION = YES_AGGRESSIVE;
				CLANG_CXX_LANGUAGE_STANDARD = "gnu++20";
				CLANG_ENABLE_MODULES = YES;
				CLANG_ENABLE_OBJC_ARC = YES;
				CLANG_ENABLE_OBJC_WEAK = YES;
				CLANG_WARN_BLOCK_CAPTURE_AUTORELEASING = YES;
				CLANG_WARN_BOOL_CONVERSION = YES;
				CLANG_WARN_COMMA = YES;
				CLANG_WARN_CONSTANT_CONVERSION = YES;
				CLANG_WARN_DEPRECATED_OBJC_IMPLEMENTATIONS = YES;
				CLANG_WARN_DIRECT_OBJC_ISA_USAGE = YES_ERROR;
				CLANG_WARN_DOCUMENTATION_COMMENTS = YES;
				CLANG_WARN_EMPTY_BODY = YES;
				CLANG_WARN_ENUM_CONVERSION = YES;
				CLANG_WARN_INFINITE_RECURSION = YES;
				CLANG_WARN_INT_CONVERSION = YES;
				CLANG_WARN_NON_LITERAL_NULL_CONVERSION = YES;
				CLANG_WARN_OBJC_IMPLICIT_RETAIN_SELF = YES;
				CLANG_WARN_OBJC_LITERAL_CONVERSION = YES;
				CLANG_WARN_OBJC_ROOT_CLASS = YES_ERROR;
				CLANG_WARN_QUOTED_INCLUDE_IN_FRAMEWORK_HEADER = YES;
				CLANG_WARN_RANGE_LOOP_ANALYSIS = YES;
				CLANG_WARN_STRICT_PROTOTYPES = YES;
				CLANG_WARN_SUSPICIOUS_MOVE = YES;
				CLANG_WARN_UNGUARDED_AVAILABILITY = YES_AGGRESSIVE;
				CLANG_WARN_UNREACHABLE_CODE = YES;
				CLANG_WARN__DUPLICATE_METHOD_MATCH = YES;
				COPY_PHASE_STRIP = NO;
				DEBUG_INFORMATION_FORMAT = "dwarf-with-dsym";
				ENABLE_NS_ASSERTIONS = NO;
				ENABLE_STRICT_OBJC_MSGSEND = YES;
				ENABLE_USER_SCRIPT_SANDBOXING = YES;
				GCC_C_LANGUAGE_STANDARD = gnu17;
				GCC_NO_COMMON_BLOCKS = YES;
				GCC_WARN_64_TO_32_BIT_CONVERSION = YES;
				GCC_WARN_ABOUT_RETURN_TYPE = YES_ERROR;
				GCC_WARN_UNDECLARED_SELECTOR = YES;
				GCC_WARN_UNINITIALIZED_AUTOS = YES_AGGRESSIVE;
				GCC_WARN_UNUSED_FUNCTION = YES;
				GCC_WARN_UNUSED_VARIABLE = YES;
				IPHONEOS_DEPLOYMENT_TARGET = 17.0;
				LOCALIZATION_PREFERS_STRING_CATALOGS = YES;
				MTL_ENABLE_DEBUG_INFO = NO;
				MTL_FAST_MATH = YES;
				SDKROOT = iphoneos;
				SWIFT_COMPILATION_MODE = wholemodule;
				VALIDATE_PRODUCT = YES;
			};
			name = Release;
		};
		674603B32B03D8FA00756102 /* Debug */ = {
			isa = XCBuildConfiguration;
			buildSettings = {
				ASSETCATALOG_COMPILER_APPICON_NAME = AppIcon;
				ASSETCATALOG_COMPILER_GLOBAL_ACCENT_COLOR_NAME = AccentColor;
				CODE_SIGN_ENTITLEMENTS = SynergyAppointmentForm/SynergyAppointmentForm.entitlements;
				CODE_SIGN_STYLE = Automatic;
				CURRENT_PROJECT_VERSION = 1;
				DEVELOPMENT_TEAM = FD53M4BR3B;
				GENERATE_INFOPLIST_FILE = YES;
				INFOPLIST_FILE = SynergyAppointmentForm/Resources/Info.plist;
				INFOPLIST_KEY_UIApplicationSupportsIndirectInputEvents = YES;
				INFOPLIST_KEY_UILaunchStoryboardName = LaunchScreen;
				INFOPLIST_KEY_UIMainStoryboardFile = Main;
				INFOPLIST_KEY_UISupportedInterfaceOrientations_iPad = "UIInterfaceOrientationPortrait UIInterfaceOrientationPortraitUpsideDown UIInterfaceOrientationLandscapeLeft UIInterfaceOrientationLandscapeRight";
				INFOPLIST_KEY_UISupportedInterfaceOrientations_iPhone = "UIInterfaceOrientationPortrait UIInterfaceOrientationLandscapeLeft UIInterfaceOrientationLandscapeRight";
				LD_RUNPATH_SEARCH_PATHS = (
					"$(inherited)",
					"@executable_path/Frameworks",
				);
				MARKETING_VERSION = 1.0;
				PRODUCT_BUNDLE_IDENTIFIER = com.JWR.SynergyAppointmentForm;
				PRODUCT_NAME = "$(TARGET_NAME)";
				SWIFT_EMIT_LOC_STRINGS = YES;
				SWIFT_VERSION = 5.0;
				TARGETED_DEVICE_FAMILY = "1,2";
			};
			name = Debug;
		};
		674603B42B03D8FA00756102 /* Release */ = {
			isa = XCBuildConfiguration;
			buildSettings = {
				ASSETCATALOG_COMPILER_APPICON_NAME = AppIcon;
				ASSETCATALOG_COMPILER_GLOBAL_ACCENT_COLOR_NAME = AccentColor;
				CODE_SIGN_ENTITLEMENTS = SynergyAppointmentForm/SynergyAppointmentForm.entitlements;
				CODE_SIGN_STYLE = Automatic;
				CURRENT_PROJECT_VERSION = 1;
				DEVELOPMENT_TEAM = FD53M4BR3B;
				GENERATE_INFOPLIST_FILE = YES;
				INFOPLIST_FILE = SynergyAppointmentForm/Resources/Info.plist;
				INFOPLIST_KEY_UIApplicationSupportsIndirectInputEvents = YES;
				INFOPLIST_KEY_UILaunchStoryboardName = LaunchScreen;
				INFOPLIST_KEY_UIMainStoryboardFile = Main;
				INFOPLIST_KEY_UISupportedInterfaceOrientations_iPad = "UIInterfaceOrientationPortrait UIInterfaceOrientationPortraitUpsideDown UIInterfaceOrientationLandscapeLeft UIInterfaceOrientationLandscapeRight";
				INFOPLIST_KEY_UISupportedInterfaceOrientations_iPhone = "UIInterfaceOrientationPortrait UIInterfaceOrientationLandscapeLeft UIInterfaceOrientationLandscapeRight";
				LD_RUNPATH_SEARCH_PATHS = (
					"$(inherited)",
					"@executable_path/Frameworks",
				);
				MARKETING_VERSION = 1.0;
				PRODUCT_BUNDLE_IDENTIFIER = com.JWR.SynergyAppointmentForm;
				PRODUCT_NAME = "$(TARGET_NAME)";
				SWIFT_EMIT_LOC_STRINGS = YES;
				SWIFT_VERSION = 5.0;
				TARGETED_DEVICE_FAMILY = "1,2";
			};
			name = Release;
		};
/* End XCBuildConfiguration section */

/* Begin XCConfigurationList section */
		674603992B03D8F700756102 /* Build configuration list for PBXProject "SynergyAppointmentForm" */ = {
			isa = XCConfigurationList;
			buildConfigurations = (
				674603B02B03D8FA00756102 /* Debug */,
				674603B12B03D8FA00756102 /* Release */,
			);
			defaultConfigurationIsVisible = 0;
			defaultConfigurationName = Release;
		};
		674603B22B03D8FA00756102 /* Build configuration list for PBXNativeTarget "SynergyAppointmentForm" */ = {
			isa = XCConfigurationList;
			buildConfigurations = (
				674603B32B03D8FA00756102 /* Debug */,
				674603B42B03D8FA00756102 /* Release */,
			);
			defaultConfigurationIsVisible = 0;
			defaultConfigurationName = Release;
		};
/* End XCConfigurationList section */

/* Begin XCRemoteSwiftPackageReference section */
		67EBEE332B0C0463009FD021 /* XCRemoteSwiftPackageReference "firebase-ios-sdk" */ = {
			isa = XCRemoteSwiftPackageReference;
			repositoryURL = "https://github.com/firebase/firebase-ios-sdk";
			requirement = {
				kind = upToNextMajorVersion;
				minimumVersion = 10.18.0;
			};
		};
/* End XCRemoteSwiftPackageReference section */

/* Begin XCSwiftPackageProductDependency section */
		671FB9012B0C091400D3CFAB /* FirebaseAnalytics */ = {
			isa = XCSwiftPackageProductDependency;
			package = 67EBEE332B0C0463009FD021 /* XCRemoteSwiftPackageReference "firebase-ios-sdk" */;
			productName = FirebaseAnalytics;
		};
		671FB9032B0C091400D3CFAB /* FirebaseAnalyticsOnDeviceConversion */ = {
			isa = XCSwiftPackageProductDependency;
			package = 67EBEE332B0C0463009FD021 /* XCRemoteSwiftPackageReference "firebase-ios-sdk" */;
			productName = FirebaseAnalyticsOnDeviceConversion;
		};
		671FB9052B0C091400D3CFAB /* FirebaseAnalyticsSwift */ = {
			isa = XCSwiftPackageProductDependency;
			package = 67EBEE332B0C0463009FD021 /* XCRemoteSwiftPackageReference "firebase-ios-sdk" */;
			productName = FirebaseAnalyticsSwift;
		};
		671FB9072B0C091400D3CFAB /* FirebaseAnalyticsWithoutAdIdSupport */ = {
			isa = XCSwiftPackageProductDependency;
			package = 67EBEE332B0C0463009FD021 /* XCRemoteSwiftPackageReference "firebase-ios-sdk" */;
			productName = FirebaseAnalyticsWithoutAdIdSupport;
		};
		671FB9092B0C091400D3CFAB /* FirebaseAppCheck */ = {
			isa = XCSwiftPackageProductDependency;
			package = 67EBEE332B0C0463009FD021 /* XCRemoteSwiftPackageReference "firebase-ios-sdk" */;
			productName = FirebaseAppCheck;
		};
		671FB90B2B0C091400D3CFAB /* FirebaseAppDistribution-Beta */ = {
			isa = XCSwiftPackageProductDependency;
			package = 67EBEE332B0C0463009FD021 /* XCRemoteSwiftPackageReference "firebase-ios-sdk" */;
			productName = "FirebaseAppDistribution-Beta";
		};
		671FB90D2B0C091400D3CFAB /* FirebaseAuth */ = {
			isa = XCSwiftPackageProductDependency;
			package = 67EBEE332B0C0463009FD021 /* XCRemoteSwiftPackageReference "firebase-ios-sdk" */;
			productName = FirebaseAuth;
		};
		671FB90F2B0C091400D3CFAB /* FirebaseAuthCombine-Community */ = {
			isa = XCSwiftPackageProductDependency;
			package = 67EBEE332B0C0463009FD021 /* XCRemoteSwiftPackageReference "firebase-ios-sdk" */;
			productName = "FirebaseAuthCombine-Community";
		};
		671FB9112B0C091400D3CFAB /* FirebaseCrashlytics */ = {
			isa = XCSwiftPackageProductDependency;
			package = 67EBEE332B0C0463009FD021 /* XCRemoteSwiftPackageReference "firebase-ios-sdk" */;
			productName = FirebaseCrashlytics;
		};
		671FB9132B0C091400D3CFAB /* FirebaseDatabase */ = {
			isa = XCSwiftPackageProductDependency;
			package = 67EBEE332B0C0463009FD021 /* XCRemoteSwiftPackageReference "firebase-ios-sdk" */;
			productName = FirebaseDatabase;
		};
		671FB9152B0C091400D3CFAB /* FirebaseDatabaseSwift */ = {
			isa = XCSwiftPackageProductDependency;
			package = 67EBEE332B0C0463009FD021 /* XCRemoteSwiftPackageReference "firebase-ios-sdk" */;
			productName = FirebaseDatabaseSwift;
		};
		671FB9172B0C091400D3CFAB /* FirebaseDynamicLinks */ = {
			isa = XCSwiftPackageProductDependency;
			package = 67EBEE332B0C0463009FD021 /* XCRemoteSwiftPackageReference "firebase-ios-sdk" */;
			productName = FirebaseDynamicLinks;
		};
		671FB9192B0C091400D3CFAB /* FirebaseFirestore */ = {
			isa = XCSwiftPackageProductDependency;
			package = 67EBEE332B0C0463009FD021 /* XCRemoteSwiftPackageReference "firebase-ios-sdk" */;
			productName = FirebaseFirestore;
		};
		671FB91B2B0C091400D3CFAB /* FirebaseFirestoreCombine-Community */ = {
			isa = XCSwiftPackageProductDependency;
			package = 67EBEE332B0C0463009FD021 /* XCRemoteSwiftPackageReference "firebase-ios-sdk" */;
			productName = "FirebaseFirestoreCombine-Community";
		};
		671FB91D2B0C091400D3CFAB /* FirebaseFirestoreSwift */ = {
			isa = XCSwiftPackageProductDependency;
			package = 67EBEE332B0C0463009FD021 /* XCRemoteSwiftPackageReference "firebase-ios-sdk" */;
			productName = FirebaseFirestoreSwift;
		};
		671FB91F2B0C091400D3CFAB /* FirebaseFunctions */ = {
			isa = XCSwiftPackageProductDependency;
			package = 67EBEE332B0C0463009FD021 /* XCRemoteSwiftPackageReference "firebase-ios-sdk" */;
			productName = FirebaseFunctions;
		};
		671FB9212B0C091400D3CFAB /* FirebaseFunctionsCombine-Community */ = {
			isa = XCSwiftPackageProductDependency;
			package = 67EBEE332B0C0463009FD021 /* XCRemoteSwiftPackageReference "firebase-ios-sdk" */;
			productName = "FirebaseFunctionsCombine-Community";
		};
		671FB9232B0C091400D3CFAB /* FirebaseInAppMessaging-Beta */ = {
			isa = XCSwiftPackageProductDependency;
			package = 67EBEE332B0C0463009FD021 /* XCRemoteSwiftPackageReference "firebase-ios-sdk" */;
			productName = "FirebaseInAppMessaging-Beta";
		};
		671FB9252B0C091400D3CFAB /* FirebaseInAppMessagingSwift-Beta */ = {
			isa = XCSwiftPackageProductDependency;
			package = 67EBEE332B0C0463009FD021 /* XCRemoteSwiftPackageReference "firebase-ios-sdk" */;
			productName = "FirebaseInAppMessagingSwift-Beta";
		};
		671FB9272B0C091400D3CFAB /* FirebaseInstallations */ = {
			isa = XCSwiftPackageProductDependency;
			package = 67EBEE332B0C0463009FD021 /* XCRemoteSwiftPackageReference "firebase-ios-sdk" */;
			productName = FirebaseInstallations;
		};
		671FB9292B0C091400D3CFAB /* FirebaseMLModelDownloader */ = {
			isa = XCSwiftPackageProductDependency;
			package = 67EBEE332B0C0463009FD021 /* XCRemoteSwiftPackageReference "firebase-ios-sdk" */;
			productName = FirebaseMLModelDownloader;
		};
		671FB92B2B0C091400D3CFAB /* FirebaseMessaging */ = {
			isa = XCSwiftPackageProductDependency;
			package = 67EBEE332B0C0463009FD021 /* XCRemoteSwiftPackageReference "firebase-ios-sdk" */;
			productName = FirebaseMessaging;
		};
		671FB92D2B0C091400D3CFAB /* FirebasePerformance */ = {
			isa = XCSwiftPackageProductDependency;
			package = 67EBEE332B0C0463009FD021 /* XCRemoteSwiftPackageReference "firebase-ios-sdk" */;
			productName = FirebasePerformance;
		};
		671FB92F2B0C091400D3CFAB /* FirebaseRemoteConfig */ = {
			isa = XCSwiftPackageProductDependency;
			package = 67EBEE332B0C0463009FD021 /* XCRemoteSwiftPackageReference "firebase-ios-sdk" */;
			productName = FirebaseRemoteConfig;
		};
		671FB9312B0C091400D3CFAB /* FirebaseRemoteConfigSwift */ = {
			isa = XCSwiftPackageProductDependency;
			package = 67EBEE332B0C0463009FD021 /* XCRemoteSwiftPackageReference "firebase-ios-sdk" */;
			productName = FirebaseRemoteConfigSwift;
		};
		671FB9332B0C091400D3CFAB /* FirebaseStorage */ = {
			isa = XCSwiftPackageProductDependency;
			package = 67EBEE332B0C0463009FD021 /* XCRemoteSwiftPackageReference "firebase-ios-sdk" */;
			productName = FirebaseStorage;
		};
		671FB9352B0C091400D3CFAB /* FirebaseStorageCombine-Community */ = {
			isa = XCSwiftPackageProductDependency;
			package = 67EBEE332B0C0463009FD021 /* XCRemoteSwiftPackageReference "firebase-ios-sdk" */;
			productName = "FirebaseStorageCombine-Community";
		};
		67EBEE342B0C0463009FD021 /* FirebaseAnalytics */ = {
			isa = XCSwiftPackageProductDependency;
			package = 67EBEE332B0C0463009FD021 /* XCRemoteSwiftPackageReference "firebase-ios-sdk" */;
			productName = FirebaseAnalytics;
		};
		67EBEE362B0C0463009FD021 /* FirebaseAnalyticsOnDeviceConversion */ = {
			isa = XCSwiftPackageProductDependency;
			package = 67EBEE332B0C0463009FD021 /* XCRemoteSwiftPackageReference "firebase-ios-sdk" */;
			productName = FirebaseAnalyticsOnDeviceConversion;
		};
		67EBEE382B0C0463009FD021 /* FirebaseAnalyticsSwift */ = {
			isa = XCSwiftPackageProductDependency;
			package = 67EBEE332B0C0463009FD021 /* XCRemoteSwiftPackageReference "firebase-ios-sdk" */;
			productName = FirebaseAnalyticsSwift;
		};
		67EBEE3A2B0C0463009FD021 /* FirebaseAnalyticsWithoutAdIdSupport */ = {
			isa = XCSwiftPackageProductDependency;
			package = 67EBEE332B0C0463009FD021 /* XCRemoteSwiftPackageReference "firebase-ios-sdk" */;
			productName = FirebaseAnalyticsWithoutAdIdSupport;
		};
		67EBEE3C2B0C0463009FD021 /* FirebaseAppCheck */ = {
			isa = XCSwiftPackageProductDependency;
			package = 67EBEE332B0C0463009FD021 /* XCRemoteSwiftPackageReference "firebase-ios-sdk" */;
			productName = FirebaseAppCheck;
		};
/* End XCSwiftPackageProductDependency section */
	};
	rootObject = 674603962B03D8F700756102 /* Project object */;
}
